
Microsoft Visual Studio Solution File, Format Version 12.00
# Visual Studio 15
VisualStudioVersion = 15.0.28307.168
MinimumVisualStudioVersion = 10.0.40219.1
Project("{FAE04EC0-301F-11D3-BF4B-00C04F79EFBC}") = "HelloWorld", "HelloWorld\HelloWorld.csproj", "{CC2DBE46-AA46-4AED-B970-1ABB6FDE031F}"
EndProject
Global
	GlobalSection(SolutionConfigurationPlatforms) = preSolution
		Debug|Any CPU = Debug|Any CPU
		Release|Any CPU = Release|Any CPU
	EndGlobalSection
	GlobalSection(ProjectConfigurationPlatforms) = postSolution
		{CC2DBE46-AA46-4AED-B970-1ABB6FDE031F}.Debug|Any CPU.ActiveCfg = Debug|Any CPU
		{CC2DBE46-AA46-4AED-B970-1ABB6FDE031F}.Debug|Any CPU.Build.0 = Debug|Any CPU
		{CC2DBE46-AA46-4AED-B970-1ABB6FDE031F}.Release|Any CPU.ActiveCfg = Release|Any CPU
		{CC2DBE46-AA46-4AED-B970-1ABB6FDE031F}.Release|Any CPU.Build.0 = Release|Any CPU
	EndGlobalSection
	GlobalSection(SolutionProperties) = preSolution
		HideSolutionNode = FALSE
	EndGlobalSection
	GlobalSection(ExtensibilityGlobals) = postSolution
		SolutionGuid = {7E96C64B-C776-4DF2-A58D-CB8270EA9A4D}
	EndGlobalSection
EndGlobal
